
Microsoft Visual Studio Solution File, Format Version 12.00
# Visual Studio 14
VisualStudioVersion = 14.0.25420.1
MinimumVisualStudioVersion = 10.0.40219.1
Project("{FAE04EC0-301F-11D3-BF4B-00C04F79EFBC}") = "Brujula-Test-Net", "Brujula-Test-Net\Brujula-Test-Net.csproj", "{2D8B837E-04F9-4AD5-AF27-492212C0E174}"
EndProject
Project("{FAE04EC0-301F-11D3-BF4B-00C04F79EFBC}") = "Brujula.Model", "Brujula.DTO\Brujula.Model.csproj", "{546896E9-3D7D-4379-BD73-8C73ADE7132C}"
EndProject
Project("{FAE04EC0-301F-11D3-BF4B-00C04F79EFBC}") = "Brujula.Logic", "Brujula.Logic\Brujula.Logic.csproj", "{231F2B5B-95B6-44AF-8410-434D8091034F}"
EndProject
Global
	GlobalSection(SolutionConfigurationPlatforms) = preSolution
		Debug|Any CPU = Debug|Any CPU
		Release|Any CPU = Release|Any CPU
	EndGlobalSection
	GlobalSection(ProjectConfigurationPlatforms) = postSolution
		{2D8B837E-04F9-4AD5-AF27-492212C0E174}.Debug|Any CPU.ActiveCfg = Debug|Any CPU
		{2D8B837E-04F9-4AD5-AF27-492212C0E174}.Debug|Any CPU.Build.0 = Debug|Any CPU
		{2D8B837E-04F9-4AD5-AF27-492212C0E174}.Release|Any CPU.ActiveCfg = Release|Any CPU
		{2D8B837E-04F9-4AD5-AF27-492212C0E174}.Release|Any CPU.Build.0 = Release|Any CPU
		{546896E9-3D7D-4379-BD73-8C73ADE7132C}.Debug|Any CPU.ActiveCfg = Debug|Any CPU
		{546896E9-3D7D-4379-BD73-8C73ADE7132C}.Debug|Any CPU.Build.0 = Debug|Any CPU
		{546896E9-3D7D-4379-BD73-8C73ADE7132C}.Release|Any CPU.ActiveCfg = Release|Any CPU
		{546896E9-3D7D-4379-BD73-8C73ADE7132C}.Release|Any CPU.Build.0 = Release|Any CPU
		{231F2B5B-95B6-44AF-8410-434D8091034F}.Debug|Any CPU.ActiveCfg = Debug|Any CPU
		{231F2B5B-95B6-44AF-8410-434D8091034F}.Debug|Any CPU.Build.0 = Debug|Any CPU
		{231F2B5B-95B6-44AF-8410-434D8091034F}.Release|Any CPU.ActiveCfg = Release|Any CPU
		{231F2B5B-95B6-44AF-8410-434D8091034F}.Release|Any CPU.Build.0 = Release|Any CPU
	EndGlobalSection
	GlobalSection(SolutionProperties) = preSolution
		HideSolutionNode = FALSE
	EndGlobalSection
EndGlobal
